
Microsoft Visual Studio Solution File, Format Version 12.00
# Visual Studio 15
VisualStudioVersion = 15.0.27428.2011
MinimumVisualStudioVersion = 10.0.40219.1
Project("{FAE04EC0-301F-11D3-BF4B-00C04F79EFBC}") = "Parkeringssimulering", "Parkeringssimulering\Parkeringssimulering.csproj", "{0F9CB230-CCDC-47C1-8E58-CA0B979229BE}"
EndProject
Global
	GlobalSection(SolutionConfigurationPlatforms) = preSolution
		Debug|Any CPU = Debug|Any CPU
		Release|Any CPU = Release|Any CPU
	EndGlobalSection
	GlobalSection(ProjectConfigurationPlatforms) = postSolution
		{0F9CB230-CCDC-47C1-8E58-CA0B979229BE}.Debug|Any CPU.ActiveCfg = Debug|Any CPU
		{0F9CB230-CCDC-47C1-8E58-CA0B979229BE}.Debug|Any CPU.Build.0 = Debug|Any CPU
		{0F9CB230-CCDC-47C1-8E58-CA0B979229BE}.Release|Any CPU.ActiveCfg = Release|Any CPU
		{0F9CB230-CCDC-47C1-8E58-CA0B979229BE}.Release|Any CPU.Build.0 = Release|Any CPU
	EndGlobalSection
	GlobalSection(SolutionProperties) = preSolution
		HideSolutionNode = FALSE
	EndGlobalSection
	GlobalSection(ExtensibilityGlobals) = postSolution
		SolutionGuid = {FAC463BA-2D63-41EA-B5EF-0BFC874BC94C}
	EndGlobalSection
EndGlobal
