
Microsoft Visual Studio Solution File, Format Version 12.00
# Visual Studio 15
VisualStudioVersion = 15.0.27428.2011
MinimumVisualStudioVersion = 10.0.40219.1
Project("{FAE04EC0-301F-11D3-BF4B-00C04F79EFBC}") = "Code Tester", "Code Tester\Code Tester.csproj", "{5DF9AAE1-5EB2-417A-AF50-FD1DEE9BF292}"
EndProject
Global
	GlobalSection(SolutionConfigurationPlatforms) = preSolution
		Debug|Any CPU = Debug|Any CPU
		Release|Any CPU = Release|Any CPU
	EndGlobalSection
	GlobalSection(ProjectConfigurationPlatforms) = postSolution
		{5DF9AAE1-5EB2-417A-AF50-FD1DEE9BF292}.Debug|Any CPU.ActiveCfg = Debug|Any CPU
		{5DF9AAE1-5EB2-417A-AF50-FD1DEE9BF292}.Debug|Any CPU.Build.0 = Debug|Any CPU
		{5DF9AAE1-5EB2-417A-AF50-FD1DEE9BF292}.Release|Any CPU.ActiveCfg = Release|Any CPU
		{5DF9AAE1-5EB2-417A-AF50-FD1DEE9BF292}.Release|Any CPU.Build.0 = Release|Any CPU
	EndGlobalSection
	GlobalSection(SolutionProperties) = preSolution
		HideSolutionNode = FALSE
	EndGlobalSection
	GlobalSection(ExtensibilityGlobals) = postSolution
		SolutionGuid = {7C4C7A35-917F-47D9-86E3-9E9455406F55}
	EndGlobalSection
EndGlobal
